Microsoft Visual Studio Solution File, Format Version 12.00
# Visual Studio Version 17
VisualStudioVersion = 17.5.2.0
MinimumVisualStudioVersion = 10.0.40219.1
Project("{FAE04EC0-301F-11D3-BF4B-00C04F79EFBC}") = "BilirkisiArama", "BilirkisiArama.csproj", "{3914C811-A910-5DAB-E8F5-E15625547670}"
EndProject
Project("{FAE04EC0-301F-11D3-BF4B-00C04F79EFBC}") = "BilirkisiMasaustu", "BilirkisiMasaustu.csproj", "{76A35076-55CE-2B38-A7EA-ABCC57B2EB03}"
EndProject
Global
	GlobalSection(SolutionConfigurationPlatforms) = preSolution
		Debug|Any CPU = Debug|Any CPU
		Release|Any CPU = Release|Any CPU
	EndGlobalSection
	GlobalSection(ProjectConfigurationPlatforms) = postSolution
		{3914C811-A910-5DAB-E8F5-E15625547670}.Debug|Any CPU.ActiveCfg = Debug|Any CPU
		{3914C811-A910-5DAB-E8F5-E15625547670}.Debug|Any CPU.Build.0 = Debug|Any CPU
		{3914C811-A910-5DAB-E8F5-E15625547670}.Release|Any CPU.ActiveCfg = Release|Any CPU
		{3914C811-A910-5DAB-E8F5-E15625547670}.Release|Any CPU.Build.0 = Release|Any CPU
		{76A35076-55CE-2B38-A7EA-ABCC57B2EB03}.Debug|Any CPU.ActiveCfg = Debug|Any CPU
		{76A35076-55CE-2B38-A7EA-ABCC57B2EB03}.Debug|Any CPU.Build.0 = Debug|Any CPU
		{76A35076-55CE-2B38-A7EA-ABCC57B2EB03}.Release|Any CPU.ActiveCfg = Release|Any CPU
		{76A35076-55CE-2B38-A7EA-ABCC57B2EB03}.Release|Any CPU.Build.0 = Release|Any CPU
	EndGlobalSection
	GlobalSection(SolutionProperties) = preSolution
		HideSolutionNode = FALSE
	EndGlobalSection
	GlobalSection(ExtensibilityGlobals) = postSolution
		SolutionGuid = {45B37157-7C1E-4D08-8919-6D97FA606440}
	EndGlobalSection
EndGlobal
